schema: '2.0'
stages:
  download_file@valid:
    cmd: wget "https://share.phys.ethz.ch/~pf/albecker/abc/09072022_1154_val.h5" -o
      data/09072022_1154_val.h5
    params:
      params.yaml:
        base:
          train_url: https://share.phys.ethz.ch/~pf/albecker/abc/09072022_1154_train.h5
          valid_url: https://share.phys.ethz.ch/~pf/albecker/abc/09072022_1154_val.h5
          test_url: https://share.phys.ethz.ch/~pf/albecker/abc/09072022_1154_test.h5
          data_dir: data
    outs:
    - path: data/09072022_1154_val.h5
      md5: 14742723c1cbe37941160737e6985da0
      size: 59447
  download_file@train:
    cmd: wget "https://share.phys.ethz.ch/~pf/albecker/abc/09072022_1154_train.h5"
      -o data/09072022_1154_train.h5
    params:
      params.yaml:
        base:
          train_url: https://share.phys.ethz.ch/~pf/albecker/abc/09072022_1154_train.h5
          valid_url: https://share.phys.ethz.ch/~pf/albecker/abc/09072022_1154_val.h5
          test_url: https://share.phys.ethz.ch/~pf/albecker/abc/09072022_1154_test.h5
          data_dir: data
    outs:
    - path: data/09072022_1154_train.h5
      md5: 6ec73a596f61dadc0fdbe902286ef073
      size: 286972
  download_file@test:
    cmd: wget "https://share.phys.ethz.ch/~pf/albecker/abc/09072022_1154_test.h5"
      -o data/09072022_1154_test.h5
    params:
      params.yaml:
        base:
          train_url: https://share.phys.ethz.ch/~pf/albecker/abc/09072022_1154_train.h5
          valid_url: https://share.phys.ethz.ch/~pf/albecker/abc/09072022_1154_val.h5
          test_url: https://share.phys.ethz.ch/~pf/albecker/abc/09072022_1154_test.h5
          data_dir: data
    outs:
    - path: data/09072022_1154_test.h5
      md5: 1ded66b01fb22aaac6e855b550b5a1e3
      size: 59598
